prepare:
  cmd: pipenv run python src/prepare.py data/data.xml
  deps:
  - path: data/data.xml
    md5: a304afb96060aad90176268345e10355
  - path: src/prepare.py
    md5: 285af85d794bb57e5d09ace7209f3519
  params:
    params.yaml:
      prepare.seed: 20170428
      prepare.split: 0.2
  outs:
  - path: data/prepared
    md5: 20b786b6e6f80e2b3fcf17827ad18597.dir
featurize:
  cmd: pipenv run python src/featurization.py data/prepared data/features
  deps:
  - path: data/prepared
    md5: 20b786b6e6f80e2b3fcf17827ad18597.dir
  - path: src/featurization.py
    md5: 02180903aa05599ceaa6ff6ee2471d00
  params:
    params.yaml:
      featurize.max_features: 5000
      featurize.ngrams: 3
  outs:
  - path: data/features
    md5: d5dac9c39c46b187b3927fbe223cabdf.dir
train:
  cmd: pipenv run python src/train.py data/features model.pkl
  deps:
  - path: data/features
    md5: d5dac9c39c46b187b3927fbe223cabdf.dir
  - path: src/train.py
    md5: ad8e71b2cca4334a7d3bb6495645068c
  params:
    params.yaml:
      train.n_estimators: 50
      train.seed: 20170428
  outs:
  - path: model.pkl
    md5: 912d512cb02c00da9ff49c0a16cd5fbe
evaluate:
  cmd: pipenv run python src/evaluate.py model.pkl data/features scores.json prc.json
  deps:
  - path: data/features
    md5: d5dac9c39c46b187b3927fbe223cabdf.dir
  - path: model.pkl
    md5: 912d512cb02c00da9ff49c0a16cd5fbe
  - path: src/evaluate.py
    md5: 631fd3f13434edcf4abd56a5b798e8b2
  outs:
  - path: prc.json
    md5: e17a9d92ba46a9ca7249cf810eb9bab0
  - path: scores.json
    md5: 86d4251552ca72a435cb535c44517ff5
